
Microsoft Visual Studio Solution File, Format Version 12.00
# Visual Studio 14
VisualStudioVersion = 14.0.25123.0
MinimumVisualStudioVersion = 10.0.40219.1
Project("{FAE04EC0-301F-11D3-BF4B-00C04F79EFBC}") = "Bao.Core", "Bao.Core\Bao.Core.csproj", "{5AF64662-D286-4BA9-9FEB-867C2E7581FC}"
EndProject
Project("{F5034706-568F-408A-B7B3-4D38C6DB8A32}") = "Bao.Module", "Bao.Module\Bao.Module.pssproj", "{6CAFC0C6-A428-4D30-A9F9-700E829FEA51}"
EndProject
Project("{9092AA53-FB77-4645-B42D-1CCCA6BD08BD}") = "BaoSolution", "BaoSolution.njsproj", "{D4DD9443-4FEC-4B8E-B318-A1C90A3687CC}"
EndProject
Global
	GlobalSection(SolutionConfigurationPlatforms) = preSolution
		Debug|Any CPU = Debug|Any CPU
		Release|Any CPU = Release|Any CPU
	EndGlobalSection
	GlobalSection(ProjectConfigurationPlatforms) = postSolution
		{5AF64662-D286-4BA9-9FEB-867C2E7581FC}.Debug|Any CPU.ActiveCfg = Debug|Any CPU
		{5AF64662-D286-4BA9-9FEB-867C2E7581FC}.Debug|Any CPU.Build.0 = Debug|Any CPU
		{5AF64662-D286-4BA9-9FEB-867C2E7581FC}.Release|Any CPU.ActiveCfg = Release|Any CPU
		{5AF64662-D286-4BA9-9FEB-867C2E7581FC}.Release|Any CPU.Build.0 = Release|Any CPU
		{6CAFC0C6-A428-4D30-A9F9-700E829FEA51}.Debug|Any CPU.ActiveCfg = Debug|Any CPU
		{6CAFC0C6-A428-4D30-A9F9-700E829FEA51}.Debug|Any CPU.Build.0 = Debug|Any CPU
		{6CAFC0C6-A428-4D30-A9F9-700E829FEA51}.Release|Any CPU.ActiveCfg = Release|Any CPU
		{6CAFC0C6-A428-4D30-A9F9-700E829FEA51}.Release|Any CPU.Build.0 = Release|Any CPU
		{D4DD9443-4FEC-4B8E-B318-A1C90A3687CC}.Debug|Any CPU.ActiveCfg = Debug|Any CPU
		{D4DD9443-4FEC-4B8E-B318-A1C90A3687CC}.Debug|Any CPU.Build.0 = Debug|Any CPU
		{D4DD9443-4FEC-4B8E-B318-A1C90A3687CC}.Release|Any CPU.ActiveCfg = Release|Any CPU
		{D4DD9443-4FEC-4B8E-B318-A1C90A3687CC}.Release|Any CPU.Build.0 = Release|Any CPU
	EndGlobalSection
	GlobalSection(SolutionProperties) = preSolution
		HideSolutionNode = FALSE
	EndGlobalSection
EndGlobal
